// !$*UTF8*$!
{
	archiveVersion = 1;
	classes = {
	};
	objectVersion = 55;
	objects = {

/* Begin PBXBuildFile section */
		6517F5BC27C5521D00C1535B /* AppDelegate.swift in Sources */ = {isa = PBXBuildFile; fileRef = 6517F5BB27C5521D00C1535B /* AppDelegate.swift */; };
		6517F5BE27C5521D00C1535B /* SceneDelegate.swift in Sources */ = {isa = PBXBuildFile; fileRef = 6517F5BD27C5521D00C1535B /* SceneDelegate.swift */; };
		6517F5C027C5521D00C1535B /* ViewController.swift in Sources */ = {isa = PBXBuildFile; fileRef = 6517F5BF27C5521D00C1535B /* ViewController.swift */; };
		6517F5C327C5521D00C1535B /* Main.storyboard in Resources */ = {isa = PBXBuildFile; fileRef = 6517F5C127C5521D00C1535B /* Main.storyboard */; };
		6517F5C527C5521E00C1535B /* Assets.xcassets in Resources */ = {isa = PBXBuildFile; fileRef = 6517F5C427C5521E00C1535B /* Assets.xcassets */; };
		6517F5C827C5521E00C1535B /* LaunchScreen.storyboard in Resources */ = {isa = PBXBuildFile; fileRef = 6517F5C627C5521E00C1535B /* LaunchScreen.storyboard */; };
		6517F5D327C5521F00C1535B /* WordGuessTests.swift in Sources */ = {isa = PBXBuildFile; fileRef = 6517F5D227C5521F00C1535B /* WordGuessTests.swift */; };
		6517F5DD27C5521F00C1535B /* WordGuessUITests.swift in Sources */ = {isa = PBXBuildFile; fileRef = 6517F5DC27C5521F00C1535B /* WordGuessUITests.swift */; };
		6517F5DF27C5521F00C1535B /* WordGuessUITestsLaunchTests.swift in Sources */ = {isa = PBXBuildFile; fileRef = 6517F5DE27C5521F00C1535B /* WordGuessUITestsLaunchTests.swift */; };
/* End PBXBuildFile section */

/* Begin PBXContainerItemProxy section */
		6517F5CF27C5521F00C1535B /* PBXContainerItemProxy */ = {
			isa = PBXContainerItemProxy;
			containerPortal = 6517F5B027C5521D00C1535B /* Project object */;
			proxyType = 1;
			remoteGlobalIDString = 6517F5B727C5521D00C1535B;
			remoteInfo = WordGuess;
		};
		6517F5D927C5521F00C1535B /* PBXContainerItemProxy */ = {
			isa = PBXContainerItemProxy;
			containerPortal = 6517F5B027C5521D00C1535B /* Project object */;
			proxyType = 1;
			remoteGlobalIDString = 6517F5B727C5521D00C1535B;
			remoteInfo = WordGuess;
		};
/* End PBXContainerItemProxy section */

/* Begin PBXFileReference section */
		6517F5B827C5521D00C1535B /* WordGuess.app */ = {isa = PBXFileReference; explicitFileType = wrapper.application; includeInIndex = 0; path = WordGuess.app; sourceTree = BUILT_PRODUCTS_DIR; };
		6517F5BB27C5521D00C1535B /* AppDelegate.swift */ = {isa = PBXFileReference; lastKnownFileType = sourcecode.swift; path = AppDelegate.swift; sourceTree = "<group>"; };
		6517F5BD27C5521D00C1535B /* SceneDelegate.swift */ = {isa = PBXFileReference; lastKnownFileType = sourcecode.swift; path = SceneDelegate.swift; sourceTree = "<group>"; };
		6517F5BF27C5521D00C1535B /* ViewController.swift */ = {isa = PBXFileReference; lastKnownFileType = sourcecode.swift; path = ViewController.swift; sourceTree = "<group>"; };
		6517F5C227C5521D00C1535B /* Base */ = {isa = PBXFileReference; lastKnownFileType = file.storyboard; name = Base; path = Base.lproj/Main.storyboard; sourceTree = "<group>"; };
		6517F5C427C5521E00C1535B /* Assets.xcassets */ = {isa = PBXFileReference; lastKnownFileType = folder.assetcatalog; path = Assets.xcassets; sourceTree = "<group>"; };
		6517F5C727C5521E00C1535B /* Base */ = {isa = PBXFileReference; lastKnownFileType = file.storyboard; name = Base; path = Base.lproj/LaunchScreen.storyboard; sourceTree = "<group>"; };
		6517F5C927C5521E00C1535B /* Info.plist */ = {isa = PBXFileReference; lastKnownFileType = text.plist.xml; path = Info.plist; sourceTree = "<group>"; };
		6517F5CE27C5521F00C1535B /* WordGuessTests.xctest */ = {isa = PBXFileReference; explicitFileType = wrapper.cfbundle; includeInIndex = 0; path = WordGuessTests.xctest; sourceTree = BUILT_PRODUCTS_DIR; };
		6517F5D227C5521F00C1535B /* WordGuessTests.swift */ = {isa = PBXFileReference; lastKnownFileType = sourcecode.swift; path = WordGuessTests.swift; sourceTree = "<group>"; };
		6517F5D827C5521F00C1535B /* WordGuessUITests.xctest */ = {isa = PBXFileReference; explicitFileType = wrapper.cfbundle; includeInIndex = 0; path = WordGuessUITests.xctest; sourceTree = BUILT_PRODUCTS_DIR; };
		6517F5DC27C5521F00C1535B /* WordGuessUITests.swift */ = {isa = PBXFileReference; lastKnownFileType = sourcecode.swift; path = WordGuessUITests.swift; sourceTree = "<group>"; };
		6517F5DE27C5521F00C1535B /* WordGuessUITestsLaunchTests.swift */ = {isa = PBXFileReference; lastKnownFileType = sourcecode.swift; path = WordGuessUITestsLaunchTests.swift; sourceTree = "<group>"; };
/* End PBXFileReference section */

/* Begin PBXFrameworksBuildPhase section */
		6517F5B527C5521D00C1535B /* Frameworks */ = {
			isa = PBXFrameworksBuildPhase;
			buildActionMask = 2147483647;
			files = (
			);
			runOnlyForDeploymentPostprocessing = 0;
		};
		6517F5CB27C5521F00C1535B /* Frameworks */ = {
			isa = PBXFrameworksBuildPhase;
			buildActionMask = 2147483647;
			files = (
			);
			runOnlyForDeploymentPostprocessing = 0;
		};
		6517F5D527C5521F00C1535B /* Frameworks */ = {
			isa = PBXFrameworksBuildPhase;
			buildActionMask = 2147483647;
			files = (
			);
			runOnlyForDeploymentPostprocessing = 0;
		};
/* End PBXFrameworksBuildPhase section */

/* Begin PBXGroup section */
		6517F5AF27C5521D00C1535B = {
			isa = PBXGroup;
			children = (
				6517F5BA27C5521D00C1535B /* WordGuess */,
				6517F5D127C5521F00C1535B /* WordGuessTests */,
				6517F5DB27C5521F00C1535B /* WordGuessUITests */,
				6517F5B927C5521D00C1535B /* Products */,
			);
			sourceTree = "<group>";
		};
		6517F5B927C5521D00C1535B /* Products */ = {
			isa = PBXGroup;
			children = (
				6517F5B827C5521D00C1535B /* WordGuess.app */,
				6517F5CE27C5521F00C1535B /* WordGuessTests.xctest */,
				6517F5D827C5521F00C1535B /* WordGuessUITests.xctest */,
			);
			name = Products;
			sourceTree = "<group>";
		};
		6517F5BA27C5521D00C1535B /* WordGuess */ = {
			isa = PBXGroup;
			children = (
				6517F5BB27C5521D00C1535B /* AppDelegate.swift */,
				6517F5BD27C5521D00C1535B /* SceneDelegate.swift */,
				6517F5BF27C5521D00C1535B /* ViewController.swift */,
				6517F5C127C5521D00C1535B /* Main.storyboard */,
				6517F5C427C5521E00C1535B /* Assets.xcassets */,
				6517F5C627C5521E00C1535B /* LaunchScreen.storyboard */,
				6517F5C927C5521E00C1535B /* Info.plist */,
			);
			path = WordGuess;
			sourceTree = "<group>";
		};
		6517F5D127C5521F00C1535B /* WordGuessTests */ = {
			isa = PBXGroup;
			children = (
				6517F5D227C5521F00C1535B /* WordGuessTests.swift */,
			);
			path = WordGuessTests;
			sourceTree = "<group>";
		};
		6517F5DB27C5521F00C1535B /* WordGuessUITests */ = {
			isa = PBXGroup;
			children = (
				6517F5DC27C5521F00C1535B /* WordGuessUITests.swift */,
				6517F5DE27C5521F00C1535B /* WordGuessUITestsLaunchTests.swift */,
			);
			path = WordGuessUITests;
			sourceTree = "<group>";
		};
/* End PBXGroup section */

/* Begin PBXNativeTarget section */
		6517F5B727C5521D00C1535B /* WordGuess */ = {
			isa = PBXNativeTarget;
			buildConfigurationList = 6517F5E227C5521F00C1535B /* Build configuration list for PBXNativeTarget "WordGuess" */;
			buildPhases = (
				6517F5B427C5521D00C1535B /* Sources */,
				6517F5B527C5521D00C1535B /* Frameworks */,
				6517F5B627C5521D00C1535B /* Resources */,
			);
			buildRules = (
			);
			dependencies = (
			);
			name = WordGuess;
			productName = WordGuess;
			productReference = 6517F5B827C5521D00C1535B /* WordGuess.app */;
			productType = "com.apple.product-type.application";
		};
		6517F5CD27C5521F00C1535B /* WordGuessTests */ = {
			isa = PBXNativeTarget;
			buildConfigurationList = 6517F5E527C5521F00C1535B /* Build configuration list for PBXNativeTarget "WordGuessTests" */;
			buildPhases = (
				6517F5CA27C5521F00C1535B /* Sources */,
				6517F5CB27C5521F00C1535B /* Frameworks */,
				6517F5CC27C5521F00C1535B /* Resources */,
			);
			buildRules = (
			);
			dependencies = (
				6517F5D027C5521F00C1535B /* PBXTargetDependency */,
			);
			name = WordGuessTests;
			productName = WordGuessTests;
			productReference = 6517F5CE27C5521F00C1535B /* WordGuessTests.xctest */;
			productType = "com.apple.product-type.bundle.unit-test";
		};
		6517F5D727C5521F00C1535B /* WordGuessUITests */ = {
			isa = PBXNativeTarget;
			buildConfigurationList = 6517F5E827C5521F00C1535B /* Build configuration list for PBXNativeTarget "WordGuessUITests" */;
			buildPhases = (
				6517F5D427C5521F00C1535B /* Sources */,
				6517F5D527C5521F00C1535B /* Frameworks */,
				6517F5D627C5521F00C1535B /* Resources */,
			);
			buildRules = (
			);
			dependencies = (
				6517F5DA27C5521F00C1535B /* PBXTargetDependency */,
			);
			name = WordGuessUITests;
			productName = WordGuessUITests;
			productReference = 6517F5D827C5521F00C1535B /* WordGuessUITests.xctest */;
			productType = "com.apple.product-type.bundle.ui-testing";
		};
/* End PBXNativeTarget section */

/* Begin PBXProject section */
		6517F5B027C5521D00C1535B /* Project object */ = {
			isa = PBXProject;
			attributes = {
				BuildIndependentTargetsInParallel = 1;
				LastSwiftUpdateCheck = 1320;
				LastUpgradeCheck = 1320;
				TargetAttributes = {
					6517F5B727C5521D00C1535B = {
						CreatedOnToolsVersion = 13.2.1;
					};
					6517F5CD27C5521F00C1535B = {
						CreatedOnToolsVersion = 13.2.1;
						TestTargetID = 6517F5B727C5521D00C1535B;
					};
					6517F5D727C5521F00C1535B = {
						CreatedOnToolsVersion = 13.2.1;
						TestTargetID = 6517F5B727C5521D00C1535B;
					};
				};
			};
			buildConfigurationList = 6517F5B327C5521D00C1535B /* Build configuration list for PBXProject "WordGuess" */;
			compatibilityVersion = "Xcode 13.0";
			developmentRegion = en;
			hasScannedForEncodings = 0;
			knownRegions = (
				en,
				Base,
			);
			mainGroup = 6517F5AF27C5521D00C1535B;
			productRefGroup = 6517F5B927C5521D00C1535B /* Products */;
			projectDirPath = "";
			projectRoot = "";
			targets = (
				6517F5B727C5521D00C1535B /* WordGuess */,
				6517F5CD27C5521F00C1535B /* WordGuessTests */,
				6517F5D727C5521F00C1535B /* WordGuessUITests */,
			);
		};
/* End PBXProject section */

/* Begin PBXResourcesBuildPhase section */
		6517F5B627C5521D00C1535B /* Resources */ = {
			isa = PBXResourcesBuildPhase;
			buildActionMask = 2147483647;
			files = (
				6517F5C827C5521E00C1535B /* LaunchScreen.storyboard in Resources */,
				6517F5C527C5521E00C1535B /* Assets.xcassets in Resources */,
				6517F5C327C5521D00C1535B /* Main.storyboard in Resources */,
			);
			runOnlyForDeploymentPostprocessing = 0;
		};
		6517F5CC27C5521F00C1535B /* Resources */ = {
			isa = PBXResourcesBuildPhase;
			buildActionMask = 2147483647;
			files = (
			);
			runOnlyForDeploymentPostprocessing = 0;
		};
		6517F5D627C5521F00C1535B /* Resources */ = {
			isa = PBXResourcesBuildPhase;
			buildActionMask = 2147483647;
			files = (
			);
			runOnlyForDeploymentPostprocessing = 0;
		};
/* End PBXResourcesBuildPhase section */

/* Begin PBXSourcesBuildPhase section */
		6517F5B427C5521D00C1535B /* Sources */ = {
			isa = PBXSourcesBuildPhase;
			buildActionMask = 2147483647;
			files = (
				6517F5C027C5521D00C1535B /* ViewController.swift in Sources */,
				6517F5BC27C5521D00C1535B /* AppDelegate.swift in Sources */,
				6517F5BE27C5521D00C1535B /* SceneDelegate.swift in Sources */,
			);
			runOnlyForDeploymentPostprocessing = 0;
		};
		6517F5CA27C5521F00C1535B /* Sources */ = {
			isa = PBXSourcesBuildPhase;
			buildActionMask = 2147483647;
			files = (
				6517F5D327C5521F00C1535B /* WordGuessTests.swift in Sources */,
			);
			runOnlyForDeploymentPostprocessing = 0;
		};
		6517F5D427C5521F00C1535B /* Sources */ = {
			isa = PBXSourcesBuildPhase;
			buildActionMask = 2147483647;
			files = (
				6517F5DF27C5521F00C1535B /* WordGuessUITestsLaunchTests.swift in Sources */,
				6517F5DD27C5521F00C1535B /* WordGuessUITests.swift in Sources */,
			);
			runOnlyForDeploymentPostprocessing = 0;
		};
/* End PBXSourcesBuildPhase section */

/* Begin PBXTargetDependency section */
		6517F5D027C5521F00C1535B /* PBXTargetDependency */ = {
			isa = PBXTargetDependency;
			target = 6517F5B727C5521D00C1535B /* WordGuess */;
			targetProxy = 6517F5CF27C5521F00C1535B /* PBXContainerItemProxy */;
		};
		6517F5DA27C5521F00C1535B /* PBXTargetDependency */ = {
			isa = PBXTargetDependency;
			target = 6517F5B727C5521D00C1535B /* WordGuess */;
			targetProxy = 6517F5D927C5521F00C1535B /* PBXContainerItemProxy */;
		};
/* End PBXTargetDependency section */

/* Begin PBXVariantGroup section */
		6517F5C127C5521D00C1535B /* Main.storyboard */ = {
			isa = PBXVariantGroup;
			children = (
				6517F5C227C5521D00C1535B /* Base */,
			);
			name = Main.storyboard;
			sourceTree = "<group>";
		};
		6517F5C627C5521E00C1535B /* LaunchScreen.storyboard */ = {
			isa = PBXVariantGroup;
			children = (
				6517F5C727C5521E00C1535B /* Base */,
			);
			name = LaunchScreen.storyboard;
			sourceTree = "<group>";
		};
/* End PBXVariantGroup section */

/* Begin XCBuildConfiguration section */
		6517F5E027C5521F00C1535B /* Debug */ = {
			isa = XCBuildConfiguration;
			buildSettings = {
				ALWAYS_SEARCH_USER_PATHS = NO;
				CLANG_ANALYZER_NONNULL = YES;
				CLANG_ANALYZER_NUMBER_OBJECT_CONVERSION = YES_AGGRESSIVE;
				CLANG_CXX_LANGUAGE_STANDARD = "gnu++17";
				CLANG_CXX_LIBRARY = "libc++";
				CLANG_ENABLE_MODULES = YES;
				CLANG_ENABLE_OBJC_ARC = YES;
				CLANG_ENABLE_OBJC_WEAK = YES;
				CLANG_WARN_BLOCK_CAPTURE_AUTORELEASING = YES;
				CLANG_WARN_BOOL_CONVERSION = YES;
				CLANG_WARN_COMMA = YES;
				CLANG_WARN_CONSTANT_CONVERSION = YES;
				CLANG_WARN_DEPRECATED_OBJC_IMPLEMENTATIONS = YES;
				CLANG_WARN_DIRECT_OBJC_ISA_USAGE = YES_ERROR;
				CLANG_WARN_DOCUMENTATION_COMMENTS = YES;
				CLANG_WARN_EMPTY_BODY = YES;
				CLANG_WARN_ENUM_CONVERSION = YES;
				CLANG_WARN_INFINITE_RECURSION = YES;
				CLANG_WARN_INT_CONVERSION = YES;
				CLANG_WARN_NON_LITERAL_NULL_CONVERSION = YES;
				CLANG_WARN_OBJC_IMPLICIT_RETAIN_SELF = YES;
				CLANG_WARN_OBJC_LITERAL_CONVERSION = YES;
				CLANG_WARN_OBJC_ROOT_CLASS = YES_ERROR;
				CLANG_WARN_QUOTED_INCLUDE_IN_FRAMEWORK_HEADER = YES;
				CLANG_WARN_RANGE_LOOP_ANALYSIS = YES;
				CLANG_WARN_STRICT_PROTOTYPES = YES;
				CLANG_WARN_SUSPICIOUS_MOVE = YES;
				CLANG_WARN_UNGUARDED_AVAILABILITY = YES_AGGRESSIVE;
				CLANG_WARN_UNREACHABLE_CODE = YES;
				CLANG_WARN__DUPLICATE_METHOD_MATCH = YES;
				COPY_PHASE_STRIP = NO;
				DEBUG_INFORMATION_FORMAT = dwarf;
				ENABLE_STRICT_OBJC_MSGSEND = YES;
				ENABLE_TESTABILITY = YES;
				GCC_C_LANGUAGE_STANDARD = gnu11;
				GCC_DYNAMIC_NO_PIC = NO;
				GCC_NO_COMMON_BLOCKS = YES;
				GCC_OPTIMIZATION_LEVEL = 0;
				GCC_PREPROCESSOR_DEFINITIONS = (
					"DEBUG=1",
					"$(inherited)",
				);
				GCC_WARN_64_TO_32_BIT_CONVERSION = YES;
				GCC_WARN_ABOUT_RETURN_TYPE = YES_ERROR;
				GCC_WARN_UNDECLARED_SELECTOR = YES;
				GCC_WARN_UNINITIALIZED_AUTOS = YES_AGGRESSIVE;
				GCC_WARN_UNUSED_FUNCTION = YES;
				GCC_WARN_UNUSED_VARIABLE = YES;
				IPHONEOS_DEPLOYMENT_TARGET = 15.2;
				MTL_ENABLE_DEBUG_INFO = INCLUDE_SOURCE;
				MTL_FAST_MATH = YES;
				ONLY_ACTIVE_ARCH = YES;
				SDKROOT = iphoneos;
				SWIFT_ACTIVE_COMPILATION_CONDITIONS = DEBUG;
				SWIFT_OPTIMIZATION_LEVEL = "-Onone";
			};
			name = Debug;
		};
		6517F5E127C5521F00C1535B /* Release */ = {
			isa = XCBuildConfiguration;
			buildSettings = {
				ALWAYS_SEARCH_USER_PATHS = NO;
				CLANG_ANALYZER_NONNULL = YES;
				CLANG_ANALYZER_NUMBER_OBJECT_CONVERSION = YES_AGGRESSIVE;
				CLANG_CXX_LANGUAGE_STANDARD = "gnu++17";
				CLANG_CXX_LIBRARY = "libc++";
				CLANG_ENABLE_MODULES = YES;
				CLANG_ENABLE_OBJC_ARC = YES;
				CLANG_ENABLE_OBJC_WEAK = YES;
				CLANG_WARN_BLOCK_CAPTURE_AUTORELEASING = YES;
				CLANG_WARN_BOOL_CONVERSION = YES;
				CLANG_WARN_COMMA = YES;
				CLANG_WARN_CONSTANT_CONVERSION = YES;
				CLANG_WARN_DEPRECATED_OBJC_IMPLEMENTATIONS = YES;
				CLANG_WARN_DIRECT_OBJC_ISA_USAGE = YES_ERROR;
				CLANG_WARN_DOCUMENTATION_COMMENTS = YES;
				CLANG_WARN_EMPTY_BODY = YES;
				CLANG_WARN_ENUM_CONVERSION = YES;
				CLANG_WARN_INFINITE_RECURSION = YES;
				CLANG_WARN_INT_CONVERSION = YES;
				CLANG_WARN_NON_LITERAL_NULL_CONVERSION = YES;
				CLANG_WARN_OBJC_IMPLICIT_RETAIN_SELF = YES;
				CLANG_WARN_OBJC_LITERAL_CONVERSION = YES;
				CLANG_WARN_OBJC_ROOT_CLASS = YES_ERROR;
				CLANG_WARN_QUOTED_INCLUDE_IN_FRAMEWORK_HEADER = YES;
				CLANG_WARN_RANGE_LOOP_ANALYSIS = YES;
				CLANG_WARN_STRICT_PROTOTYPES = YES;
				CLANG_WARN_SUSPICIOUS_MOVE = YES;
				CLANG_WARN_UNGUARDED_AVAILABILITY = YES_AGGRESSIVE;
				CLANG_WARN_UNREACHABLE_CODE = YES;
				CLANG_WARN__DUPLICATE_METHOD_MATCH = YES;
				COPY_PHASE_STRIP = NO;
				DEBUG_INFORMATION_FORMAT = "dwarf-with-dsym";
				ENABLE_NS_ASSERTIONS = NO;
				ENABLE_STRICT_OBJC_MSGSEND = YES;
				GCC_C_LANGUAGE_STANDARD = gnu11;
				GCC_NO_COMMON_BLOCKS = YES;
				GCC_WARN_64_TO_32_BIT_CONVERSION = YES;
				GCC_WARN_ABOUT_RETURN_TYPE = YES_ERROR;
				GCC_WARN_UNDECLARED_SELECTOR = YES;
				GCC_WARN_UNINITIALIZED_AUTOS = YES_AGGRESSIVE;
				GCC_WARN_UNUSED_FUNCTION = YES;
				GCC_WARN_UNUSED_VARIABLE = YES;
				IPHONEOS_DEPLOYMENT_TARGET = 15.2;
				MTL_ENABLE_DEBUG_INFO = NO;
				MTL_FAST_MATH = YES;
				SDKROOT = iphoneos;
				SWIFT_COMPILATION_MODE = wholemodule;
				SWIFT_OPTIMIZATION_LEVEL = "-O";
				VALIDATE_PRODUCT = YES;
			};
			name = Release;
		};
		6517F5E327C5521F00C1535B /* Debug */ = {
			isa = XCBuildConfiguration;
			buildSettings = {
				ASSETCATALOG_COMPILER_APPICON_NAME = AppIcon;
				ASSETCATALOG_COMPILER_GLOBAL_ACCENT_COLOR_NAME = AccentColor;
				CODE_SIGN_STYLE = Automatic;
				CURRENT_PROJECT_VERSION = 1;
				GENERATE_INFOPLIST_FILE = YES;
				INFOPLIST_FILE = WordGuess/Info.plist;
				INFOPLIST_KEY_CFBundleDisplayName = WordGuess;
				INFOPLIST_KEY_UIApplicationSupportsIndirectInputEvents = YES;
				INFOPLIST_KEY_UILaunchStoryboardName = LaunchScreen;
				INFOPLIST_KEY_UIMainStoryboardFile = Main;
				INFOPLIST_KEY_UISupportedInterfaceOrientations_iPad = "UIInterfaceOrientationPortrait UIInterfaceOrientationPortraitUpsideDown UIInterfaceOrientationLandscapeLeft UIInterfaceOrientationLandscapeRight";
				INFOPLIST_KEY_UISupportedInterfaceOrientations_iPhone = "UIInterfaceOrientationPortrait UIInterfaceOrientationLandscapeLeft UIInterfaceOrientationLandscapeRight";
				LD_RUNPATH_SEARCH_PATHS = (
					"$(inherited)",
					"@executable_path/Frameworks",
				);
				MARKETING_VERSION = 1.0;
				PRODUCT_BUNDLE_IDENTIFIER = nwmsu.WordGuess;
				PRODUCT_NAME = "$(TARGET_NAME)";
				SWIFT_EMIT_LOC_STRINGS = YES;
				SWIFT_VERSION = 5.0;
				TARGETED_DEVICE_FAMILY = "1,2";
			};
			name = Debug;
		};
		6517F5E427C5521F00C1535B /* Release */ = {
			isa = XCBuildConfiguration;
			buildSettings = {
				ASSETCATALOG_COMPILER_APPICON_NAME = AppIcon;
				ASSETCATALOG_COMPILER_GLOBAL_ACCENT_COLOR_NAME = AccentColor;
				CODE_SIGN_STYLE = Automatic;
				CURRENT_PROJECT_VERSION = 1;
				GENERATE_INFOPLIST_FILE = YES;
				INFOPLIST_FILE = WordGuess/Info.plist;
				INFOPLIST_KEY_CFBundleDisplayName = WordGuess;
				INFOPLIST_KEY_UIApplicationSupportsIndirectInputEvents = YES;
				INFOPLIST_KEY_UILaunchStoryboardName = LaunchScreen;
				INFOPLIST_KEY_UIMainStoryboardFile = Main;
				INFOPLIST_KEY_UISupportedInterfaceOrientations_iPad = "UIInterfaceOrientationPortrait UIInterfaceOrientationPortraitUpsideDown UIInterfaceOrientationLandscapeLeft UIInterfaceOrientationLandscapeRight";
				INFOPLIST_KEY_UISupportedInterfaceOrientations_iPhone = "UIInterfaceOrientationPortrait UIInterfaceOrientationLandscapeLeft UIInterfaceOrientationLandscapeRight";
				LD_RUNPATH_SEARCH_PATHS = (
					"$(inherited)",
					"@executable_path/Frameworks",
				);
				MARKETING_VERSION = 1.0;
				PRODUCT_BUNDLE_IDENTIFIER = nwmsu.WordGuess;
				PRODUCT_NAME = "$(TARGET_NAME)";
				SWIFT_EMIT_LOC_STRINGS = YES;
				SWIFT_VERSION = 5.0;
				TARGETED_DEVICE_FAMILY = "1,2";
			};
			name = Release;
		};
		6517F5E627C5521F00C1535B /* Debug */ = {
			isa = XCBuildConfiguration;
			buildSettings = {
				ALWAYS_EMBED_SWIFT_STANDARD_LIBRARIES = YES;
				BUNDLE_LOADER = "$(TEST_HOST)";
				CODE_SIGN_STYLE = Automatic;
				CURRENT_PROJECT_VERSION = 1;
				GENERATE_INFOPLIST_FILE = YES;
				IPHONEOS_DEPLOYMENT_TARGET = 15.2;
				MARKETING_VERSION = 1.0;
				PRODUCT_BUNDLE_IDENTIFIER = nwmsu.WordGuessTests;
				PRODUCT_NAME = "$(TARGET_NAME)";
				SWIFT_EMIT_LOC_STRINGS = NO;
				SWIFT_VERSION = 5.0;
				TARGETED_DEVICE_FAMILY = "1,2";
				TEST_HOST = "$(BUILT_PRODUCTS_DIR)/WordGuess.app/WordGuess";
			};
			name = Debug;
		};
		6517F5E727C5521F00C1535B /* Release */ = {
			isa = XCBuildConfiguration;
			buildSettings = {
				ALWAYS_EMBED_SWIFT_STANDARD_LIBRARIES = YES;
				BUNDLE_LOADER = "$(TEST_HOST)";
				CODE_SIGN_STYLE = Automatic;
				CURRENT_PROJECT_VERSION = 1;
				GENERATE_INFOPLIST_FILE = YES;
				IPHONEOS_DEPLOYMENT_TARGET = 15.2;
				MARKETING_VERSION = 1.0;
				PRODUCT_BUNDLE_IDENTIFIER = nwmsu.WordGuessTests;
				PRODUCT_NAME = "$(TARGET_NAME)";
				SWIFT_EMIT_LOC_STRINGS = NO;
				SWIFT_VERSION = 5.0;
				TARGETED_DEVICE_FAMILY = "1,2";
				TEST_HOST = "$(BUILT_PRODUCTS_DIR)/WordGuess.app/WordGuess";
			};
			name = Release;
		};
		6517F5E927C5521F00C1535B /* Debug */ = {
			isa = XCBuildConfiguration;
			buildSettings = {
				ALWAYS_EMBED_SWIFT_STANDARD_LIBRARIES = YES;
				CODE_SIGN_STYLE = Automatic;
				CURRENT_PROJECT_VERSION = 1;
				GENERATE_INFOPLIST_FILE = YES;
				MARKETING_VERSION = 1.0;
				PRODUCT_BUNDLE_IDENTIFIER = nwmsu.WordGuessUITests;
				PRODUCT_NAME = "$(TARGET_NAME)";
				SWIFT_EMIT_LOC_STRINGS = NO;
				SWIFT_VERSION = 5.0;
				TARGETED_DEVICE_FAMILY = "1,2";
				TEST_TARGET_NAME = WordGuess;
			};
			name = Debug;
		};
		6517F5EA27C5521F00C1535B /* Release */ = {
			isa = XCBuildConfiguration;
			buildSettings = {
				ALWAYS_EMBED_SWIFT_STANDARD_LIBRARIES = YES;
				CODE_SIGN_STYLE = Automatic;
				CURRENT_PROJECT_VERSION = 1;
				GENERATE_INFOPLIST_FILE = YES;
				MARKETING_VERSION = 1.0;
				PRODUCT_BUNDLE_IDENTIFIER = nwmsu.WordGuessUITests;
				PRODUCT_NAME = "$(TARGET_NAME)";
				SWIFT_EMIT_LOC_STRINGS = NO;
				SWIFT_VERSION = 5.0;
				TARGETED_DEVICE_FAMILY = "1,2";
				TEST_TARGET_NAME = WordGuess;
			};
			name = Release;
		};
/* End XCBuildConfiguration section */

/* Begin XCConfigurationList section */
		6517F5B327C5521D00C1535B /* Build configuration list for PBXProject "WordGuess" */ = {
			isa = XCConfigurationList;
			buildConfigurations = (
				6517F5E027C5521F00C1535B /* Debug */,
				6517F5E127C5521F00C1535B /* Release */,
			);
			defaultConfigurationIsVisible = 0;
			defaultConfigurationName = Release;
		};
		6517F5E227C5521F00C1535B /* Build configuration list for PBXNativeTarget "WordGuess" */ = {
			isa = XCConfigurationList;
			buildConfigurations = (
				6517F5E327C5521F00C1535B /* Debug */,
				6517F5E427C5521F00C1535B /* Release */,
			);
			defaultConfigurationIsVisible = 0;
			defaultConfigurationName = Release;
		};
		6517F5E527C5521F00C1535B /* Build configuration list for PBXNativeTarget "WordGuessTests" */ = {
			isa = XCConfigurationList;
			buildConfigurations = (
				6517F5E627C5521F00C1535B /* Debug */,
				6517F5E727C5521F00C1535B /* Release */,
			);
			defaultConfigurationIsVisible = 0;
			defaultConfigurationName = Release;
		};
		6517F5E827C5521F00C1535B /* Build configuration list for PBXNativeTarget "WordGuessUITests" */ = {
			isa = XCConfigurationList;
			buildConfigurations = (
				6517F5E927C5521F00C1535B /* Debug */,
				6517F5EA27C5521F00C1535B /* Release */,
			);
			defaultConfigurationIsVisible = 0;
			defaultConfigurationName = Release;
		};
/* End XCConfigurationList section */
	};
	rootObject = 6517F5B027C5521D00C1535B /* Project object */;
}
